// !$*UTF8*$!
{
	archiveVersion = 1;
	classes = {
	};
	objectVersion = 50;
	objects = {

/* Begin PBXBuildFile section */
		46A6180E21B301260081B510 /* AppDelegate.swift in Sources */ = {isa = PBXBuildFile; fileRef = 46A6180D21B301260081B510 /* AppDelegate.swift */; };
		46A6181021B301260081B510 /* CountriesController.swift in Sources */ = {isa = PBXBuildFile; fileRef = 46A6180F21B301260081B510 /* CountriesController.swift */; };
		46A6181321B301260081B510 /* Main.storyboard in Resources */ = {isa = PBXBuildFile; fileRef = 46A6181121B301260081B510 /* Main.storyboard */; };
		46A6181521B301290081B510 /* Assets.xcassets in Resources */ = {isa = PBXBuildFile; fileRef = 46A6181421B301290081B510 /* Assets.xcassets */; };
		46A6181821B301290081B510 /* LaunchScreen.storyboard in Resources */ = {isa = PBXBuildFile; fileRef = 46A6181621B301290081B510 /* LaunchScreen.storyboard */; };
		46A6182321B301290081B510 /* RestCountriesTests.swift in Sources */ = {isa = PBXBuildFile; fileRef = 46A6182221B301290081B510 /* RestCountriesTests.swift */; };
		46A6182E21B301290081B510 /* RestCountriesUITests.swift in Sources */ = {isa = PBXBuildFile; fileRef = 46A6182D21B301290081B510 /* RestCountriesUITests.swift */; };
		46A6183D21B304570081B510 /* MainNavigationController.swift in Sources */ = {isa = PBXBuildFile; fileRef = 46A6183C21B304570081B510 /* MainNavigationController.swift */; };
		46A6184021B308220081B510 /* CountryViewModel.swift in Sources */ = {isa = PBXBuildFile; fileRef = 46A6183F21B308220081B510 /* CountryViewModel.swift */; };
		46A6184321B308860081B510 /* Country.swift in Sources */ = {isa = PBXBuildFile; fileRef = 46A6184221B308860081B510 /* Country.swift */; };
		46A6184521B3103D0081B510 /* Currency.swift in Sources */ = {isa = PBXBuildFile; fileRef = 46A6184421B3103D0081B510 /* Currency.swift */; };
		46A6184721B310740081B510 /* Language.swift in Sources */ = {isa = PBXBuildFile; fileRef = 46A6184621B310740081B510 /* Language.swift */; };
		46A6184A21B31AAD0081B510 /* CountryCell.swift in Sources */ = {isa = PBXBuildFile; fileRef = 46A6184921B31AAD0081B510 /* CountryCell.swift */; };
		46A6184F21B320BA0081B510 /* CountriesService.swift in Sources */ = {isa = PBXBuildFile; fileRef = 46A6184E21B320BA0081B510 /* CountriesService.swift */; };
		46A6185121B321020081B510 /* Common.swift in Sources */ = {isa = PBXBuildFile; fileRef = 46A6185021B321020081B510 /* Common.swift */; };
		46A6185621B327960081B510 /* CountryCell.xib in Resources */ = {isa = PBXBuildFile; fileRef = 46A6185521B327960081B510 /* CountryCell.xib */; };
		46A6185921B32D690081B510 /* UIColor+Extension.swift in Sources */ = {isa = PBXBuildFile; fileRef = 46A6185821B32D690081B510 /* UIColor+Extension.swift */; };
		46A6185B21B32E880081B510 /* String+Extension.swift in Sources */ = {isa = PBXBuildFile; fileRef = 46A6185A21B32E880081B510 /* String+Extension.swift */; };
		46A6186221B3301A0081B510 /* Localizable.strings in Resources */ = {isa = PBXBuildFile; fileRef = 46A6186421B3301A0081B510 /* Localizable.strings */; };
		46A6186721B333710081B510 /* CountryDetailsController.swift in Sources */ = {isa = PBXBuildFile; fileRef = 46A6186621B333710081B510 /* CountryDetailsController.swift */; };
		46E2756C21B9018100BB3805 /* CountryDetailViewModel.swift in Sources */ = {isa = PBXBuildFile; fileRef = 46E2756B21B9018100BB3805 /* CountryDetailViewModel.swift */; };
		46E2757221B9A73C00BB3805 /* CountriesServiceTests.swift in Sources */ = {isa = PBXBuildFile; fileRef = 46E2757121B9A73C00BB3805 /* CountriesServiceTests.swift */; };
		46E2757821BBEE5100BB3805 /* CustomHeaderTableView.swift in Sources */ = {isa = PBXBuildFile; fileRef = 46E2757721BBEE5100BB3805 /* CustomHeaderTableView.swift */; };
		46E2757A21BBEE6300BB3805 /* CustomHeaderTableView.xib in Resources */ = {isa = PBXBuildFile; fileRef = 46E2757921BBEE6300BB3805 /* CustomHeaderTableView.xib */; };
		46E2757C21BC0FB900BB3805 /* MainTableViewController.swift in Sources */ = {isa = PBXBuildFile; fileRef = 46E2757B21BC0FB900BB3805 /* MainTableViewController.swift */; };
		46E2757E21BC69CB00BB3805 /* CountryViewModelTests.swift in Sources */ = {isa = PBXBuildFile; fileRef = 46E2757D21BC69CB00BB3805 /* CountryViewModelTests.swift */; };
		46E2758021BCF74100BB3805 /* Result.swift in Sources */ = {isa = PBXBuildFile; fileRef = 46E2757F21BCF74100BB3805 /* Result.swift */; };
		46E2758221BCF76600BB3805 /* ErrorResult.swift in Sources */ = {isa = PBXBuildFile; fileRef = 46E2758121BCF76600BB3805 /* ErrorResult.swift */; };
		46E5970521B4703A008A3AB8 /* CountryDetailsCell.swift in Sources */ = {isa = PBXBuildFile; fileRef = 46E5970421B4703A008A3AB8 /* CountryDetailsCell.swift */; };
		46E5970721B47052008A3AB8 /* CountryDetailsCell.xib in Resources */ = {isa = PBXBuildFile; fileRef = 46E5970621B47052008A3AB8 /* CountryDetailsCell.xib */; };
		9072D1147228AF3CC06F8D33 /* Pods_RestCountries.framework in Frameworks */ = {isa = PBXBuildFile; fileRef = FB12F5C3B56A8E23E3B7FAA3 /* Pods_RestCountries.framework */; };
/* End PBXBuildFile section */

/* Begin PBXContainerItemProxy section */
		46A6181F21B301290081B510 /* PBXContainerItemProxy */ = {
			isa = PBXContainerItemProxy;
			containerPortal = 46A6180221B301260081B510 /* Project object */;
			proxyType = 1;
			remoteGlobalIDString = 46A6180921B301260081B510;
			remoteInfo = RestCountries;
		};
		46A6182A21B301290081B510 /* PBXContainerItemProxy */ = {
			isa = PBXContainerItemProxy;
			containerPortal = 46A6180221B301260081B510 /* Project object */;
			proxyType = 1;
			remoteGlobalIDString = 46A6180921B301260081B510;
			remoteInfo = RestCountries;
		};
/* End PBXContainerItemProxy section */

/* Begin PBXFileReference section */
		46A6180A21B301260081B510 /* RestCountries.app */ = {isa = PBXFileReference; explicitFileType = wrapper.application; includeInIndex = 0; path = RestCountries.app; sourceTree = BUILT_PRODUCTS_DIR; };
		46A6180D21B301260081B510 /* AppDelegate.swift */ = {isa = PBXFileReference; lastKnownFileType = sourcecode.swift; path = AppDelegate.swift; sourceTree = "<group>"; };
		46A6180F21B301260081B510 /* CountriesController.swift */ = {isa = PBXFileReference; lastKnownFileType = sourcecode.swift; path = CountriesController.swift; sourceTree = "<group>"; };
		46A6181221B301260081B510 /* Base */ = {isa = PBXFileReference; lastKnownFileType = file.storyboard; name = Base; path = Base.lproj/Main.storyboard; sourceTree = "<group>"; };
		46A6181421B301290081B510 /* Assets.xcassets */ = {isa = PBXFileReference; lastKnownFileType = folder.assetcatalog; path = Assets.xcassets; sourceTree = "<group>"; };
		46A6181721B301290081B510 /* Base */ = {isa = PBXFileReference; lastKnownFileType = file.storyboard; name = Base; path = Base.lproj/LaunchScreen.storyboard; sourceTree = "<group>"; };
		46A6181921B301290081B510 /* Info.plist */ = {isa = PBXFileReference; lastKnownFileType = text.plist.xml; path = Info.plist; sourceTree = "<group>"; };
		46A6181E21B301290081B510 /* RestCountriesTests.xctest */ = {isa = PBXFileReference; explicitFileType = wrapper.cfbundle; includeInIndex = 0; path = RestCountriesTests.xctest; sourceTree = BUILT_PRODUCTS_DIR; };
		46A6182221B301290081B510 /* RestCountriesTests.swift */ = {isa = PBXFileReference; lastKnownFileType = sourcecode.swift; path = RestCountriesTests.swift; sourceTree = "<group>"; };
		46A6182421B301290081B510 /* Info.plist */ = {isa = PBXFileReference; lastKnownFileType = text.plist.xml; path = Info.plist; sourceTree = "<group>"; };
		46A6182921B301290081B510 /* RestCountriesUITests.xctest */ = {isa = PBXFileReference; explicitFileType = wrapper.cfbundle; includeInIndex = 0; path = RestCountriesUITests.xctest; sourceTree = BUILT_PRODUCTS_DIR; };
		46A6182D21B301290081B510 /* RestCountriesUITests.swift */ = {isa = PBXFileReference; lastKnownFileType = sourcecode.swift; path = RestCountriesUITests.swift; sourceTree = "<group>"; };
		46A6182F21B301290081B510 /* Info.plist */ = {isa = PBXFileReference; lastKnownFileType = text.plist.xml; path = Info.plist; sourceTree = "<group>"; };
		46A6183C21B304570081B510 /* MainNavigationController.swift */ = {isa = PBXFileReference; lastKnownFileType = sourcecode.swift; path = MainNavigationController.swift; sourceTree = "<group>"; };
		46A6183F21B308220081B510 /* CountryViewModel.swift */ = {isa = PBXFileReference; lastKnownFileType = sourcecode.swift; path = CountryViewModel.swift; sourceTree = "<group>"; };
		46A6184221B308860081B510 /* Country.swift */ = {isa = PBXFileReference; lastKnownFileType = sourcecode.swift; path = Country.swift; sourceTree = "<group>"; };
		46A6184421B3103D0081B510 /* Currency.swift */ = {isa = PBXFileReference; lastKnownFileType = sourcecode.swift; path = Currency.swift; sourceTree = "<group>"; };
		46A6184621B310740081B510 /* Language.swift */ = {isa = PBXFileReference; lastKnownFileType = sourcecode.swift; path = Language.swift; sourceTree = "<group>"; };
		46A6184921B31AAD0081B510 /* CountryCell.swift */ = {isa = PBXFileReference; lastKnownFileType = sourcecode.swift; path = CountryCell.swift; sourceTree = "<group>"; };
		46A6184E21B320BA0081B510 /* CountriesService.swift */ = {isa = PBXFileReference; lastKnownFileType = sourcecode.swift; path = CountriesService.swift; sourceTree = "<group>"; };
		46A6185021B321020081B510 /* Common.swift */ = {isa = PBXFileReference; lastKnownFileType = sourcecode.swift; path = Common.swift; sourceTree = "<group>"; };
		46A6185521B327960081B510 /* CountryCell.xib */ = {isa = PBXFileReference; lastKnownFileType = file.xib; path = CountryCell.xib; sourceTree = "<group>"; };
		46A6185821B32D690081B510 /* UIColor+Extension.swift */ = {isa = PBXFileReference; lastKnownFileType = sourcecode.swift; path = "UIColor+Extension.swift"; sourceTree = "<group>"; };
		46A6185A21B32E880081B510 /* String+Extension.swift */ = {isa = PBXFileReference; lastKnownFileType = sourcecode.swift; path = "String+Extension.swift"; sourceTree = "<group>"; };
		46A6185E21B32FCE0081B510 /* uk */ = {isa = PBXFileReference; lastKnownFileType = text.plist.strings; name = uk; path = uk.lproj/Main.strings; sourceTree = "<group>"; };
		46A6185F21B32FCE0081B510 /* uk */ = {isa = PBXFileReference; lastKnownFileType = text.plist.strings; name = uk; path = uk.lproj/LaunchScreen.strings; sourceTree = "<group>"; };
		46A6186321B3301A0081B510 /* en */ = {isa = PBXFileReference; lastKnownFileType = text.plist.strings; name = en; path = en.lproj/Localizable.strings; sourceTree = "<group>"; };
		46A6186521B330200081B510 /* uk */ = {isa = PBXFileReference; lastKnownFileType = text.plist.strings; name = uk; path = uk.lproj/Localizable.strings; sourceTree = "<group>"; };
		46A6186621B333710081B510 /* CountryDetailsController.swift */ = {isa = PBXFileReference; lastKnownFileType = sourcecode.swift; path = CountryDetailsController.swift; sourceTree = "<group>"; };
		46E2756B21B9018100BB3805 /* CountryDetailViewModel.swift */ = {isa = PBXFileReference; lastKnownFileType = sourcecode.swift; path = CountryDetailViewModel.swift; sourceTree = "<group>"; };
		46E2757121B9A73C00BB3805 /* CountriesServiceTests.swift */ = {isa = PBXFileReference; lastKnownFileType = sourcecode.swift; path = CountriesServiceTests.swift; sourceTree = "<group>"; };
		46E2757721BBEE5100BB3805 /* CustomHeaderTableView.swift */ = {isa = PBXFileReference; lastKnownFileType = sourcecode.swift; path = CustomHeaderTableView.swift; sourceTree = "<group>"; };
		46E2757921BBEE6300BB3805 /* CustomHeaderTableView.xib */ = {isa = PBXFileReference; lastKnownFileType = file.xib; path = CustomHeaderTableView.xib; sourceTree = "<group>"; };
		46E2757B21BC0FB900BB3805 /* MainTableViewController.swift */ = {isa = PBXFileReference; lastKnownFileType = sourcecode.swift; path = MainTableViewController.swift; sourceTree = "<group>"; };
		46E2757D21BC69CB00BB3805 /* CountryViewModelTests.swift */ = {isa = PBXFileReference; lastKnownFileType = sourcecode.swift; path = CountryViewModelTests.swift; sourceTree = "<group>"; };
		46E2757F21BCF74100BB3805 /* Result.swift */ = {isa = PBXFileReference; lastKnownFileType = sourcecode.swift; path = Result.swift; sourceTree = "<group>"; };
		46E2758121BCF76600BB3805 /* ErrorResult.swift */ = {isa = PBXFileReference; lastKnownFileType = sourcecode.swift; path = ErrorResult.swift; sourceTree = "<group>"; };
		46E5970421B4703A008A3AB8 /* CountryDetailsCell.swift */ = {isa = PBXFileReference; lastKnownFileType = sourcecode.swift; path = CountryDetailsCell.swift; sourceTree = "<group>"; };
		46E5970621B47052008A3AB8 /* CountryDetailsCell.xib */ = {isa = PBXFileReference; lastKnownFileType = file.xib; path = CountryDetailsCell.xib; sourceTree = "<group>"; };
		CFF3551360DA8DE749027BE7 /* Pods-RestCountries.release.xcconfig */ = {isa = PBXFileReference; includeInIndex = 1; lastKnownFileType = text.xcconfig; name = "Pods-RestCountries.release.xcconfig"; path = "Pods/Target Support Files/Pods-RestCountries/Pods-RestCountries.release.xcconfig"; sourceTree = "<group>"; };
		D99E34EB8ADFC71217BE04EB /* Pods-RestCountries.debug.xcconfig */ = {isa = PBXFileReference; includeInIndex = 1; lastKnownFileType = text.xcconfig; name = "Pods-RestCountries.debug.xcconfig"; path = "Pods/Target Support Files/Pods-RestCountries/Pods-RestCountries.debug.xcconfig"; sourceTree = "<group>"; };
		FB12F5C3B56A8E23E3B7FAA3 /* Pods_RestCountries.framework */ = {isa = PBXFileReference; explicitFileType = wrapper.framework; includeInIndex = 0; path = Pods_RestCountries.framework; sourceTree = BUILT_PRODUCTS_DIR; };
/* End PBXFileReference section */

/* Begin PBXFrameworksBuildPhase section */
		46A6180721B301260081B510 /* Frameworks */ = {
			isa = PBXFrameworksBuildPhase;
			buildActionMask = 2147483647;
			files = (
				9072D1147228AF3CC06F8D33 /* Pods_RestCountries.framework in Frameworks */,
			);
			runOnlyForDeploymentPostprocessing = 0;
		};
		46A6181B21B301290081B510 /* Frameworks */ = {
			isa = PBXFrameworksBuildPhase;
			buildActionMask = 2147483647;
			files = (
			);
			runOnlyForDeploymentPostprocessing = 0;
		};
		46A6182621B301290081B510 /* Frameworks */ = {
			isa = PBXFrameworksBuildPhase;
			buildActionMask = 2147483647;
			files = (
			);
			runOnlyForDeploymentPostprocessing = 0;
		};
/* End PBXFrameworksBuildPhase section */

/* Begin PBXGroup section */
		1D2A57E3C4807FA34B2C8F82 /* Pods */ = {
			isa = PBXGroup;
			children = (
				D99E34EB8ADFC71217BE04EB /* Pods-RestCountries.debug.xcconfig */,
				CFF3551360DA8DE749027BE7 /* Pods-RestCountries.release.xcconfig */,
			);
			name = Pods;
			sourceTree = "<group>";
		};
		1D57B0CFFB2C4CB8AA22960C /* Frameworks */ = {
			isa = PBXGroup;
			children = (
				FB12F5C3B56A8E23E3B7FAA3 /* Pods_RestCountries.framework */,
			);
			name = Frameworks;
			sourceTree = "<group>";
		};
		46A6180121B301260081B510 = {
			isa = PBXGroup;
			children = (
				46A6180C21B301260081B510 /* RestCountries */,
				46A6182121B301290081B510 /* RestCountriesTests */,
				46A6182C21B301290081B510 /* RestCountriesUITests */,
				46A6180B21B301260081B510 /* Products */,
				1D2A57E3C4807FA34B2C8F82 /* Pods */,
				1D57B0CFFB2C4CB8AA22960C /* Frameworks */,
			);
			sourceTree = "<group>";
		};
		46A6180B21B301260081B510 /* Products */ = {
			isa = PBXGroup;
			children = (
				46A6180A21B301260081B510 /* RestCountries.app */,
				46A6181E21B301290081B510 /* RestCountriesTests.xctest */,
				46A6182921B301290081B510 /* RestCountriesUITests.xctest */,
			);
			name = Products;
			sourceTree = "<group>";
		};
		46A6180C21B301260081B510 /* RestCountries */ = {
			isa = PBXGroup;
			children = (
				46A6185721B32D430081B510 /* Extensions */,
				46A6184D21B320990081B510 /* Service */,
				46A6184821B31A5D0081B510 /* View */,
				46A6184121B3082B0081B510 /* Model */,
				46A6183E21B305E20081B510 /* ViewModel */,
				46A6183B21B304390081B510 /* Controller */,
				46A6180D21B301260081B510 /* AppDelegate.swift */,
				46A6181121B301260081B510 /* Main.storyboard */,
				46A6181421B301290081B510 /* Assets.xcassets */,
				46A6181621B301290081B510 /* LaunchScreen.storyboard */,
				46A6181921B301290081B510 /* Info.plist */,
				46A6185021B321020081B510 /* Common.swift */,
				46A6186421B3301A0081B510 /* Localizable.strings */,
			);
			path = RestCountries;
			sourceTree = "<group>";
		};
		46A6182121B301290081B510 /* RestCountriesTests */ = {
			isa = PBXGroup;
			children = (
				46A6182221B301290081B510 /* RestCountriesTests.swift */,
				46A6182421B301290081B510 /* Info.plist */,
				46E2757121B9A73C00BB3805 /* CountriesServiceTests.swift */,
				46E2757D21BC69CB00BB3805 /* CountryViewModelTests.swift */,
			);
			path = RestCountriesTests;
			sourceTree = "<group>";
		};
		46A6182C21B301290081B510 /* RestCountriesUITests */ = {
			isa = PBXGroup;
			children = (
				46A6182D21B301290081B510 /* RestCountriesUITests.swift */,
				46A6182F21B301290081B510 /* Info.plist */,
			);
			path = RestCountriesUITests;
			sourceTree = "<group>";
		};
		46A6183B21B304390081B510 /* Controller */ = {
			isa = PBXGroup;
			children = (
				46A6180F21B301260081B510 /* CountriesController.swift */,
				46A6183C21B304570081B510 /* MainNavigationController.swift */,
				46A6186621B333710081B510 /* CountryDetailsController.swift */,
				46E2757B21BC0FB900BB3805 /* MainTableViewController.swift */,
			);
			path = Controller;
			sourceTree = "<group>";
		};
		46A6183E21B305E20081B510 /* ViewModel */ = {
			isa = PBXGroup;
			children = (
				46A6183F21B308220081B510 /* CountryViewModel.swift */,
				46E2756B21B9018100BB3805 /* CountryDetailViewModel.swift */,
			);
			path = ViewModel;
			sourceTree = "<group>";
		};
		46A6184121B3082B0081B510 /* Model */ = {
			isa = PBXGroup;
			children = (
				46A6184221B308860081B510 /* Country.swift */,
				46A6184421B3103D0081B510 /* Currency.swift */,
				46A6184621B310740081B510 /* Language.swift */,
			);
			path = Model;
			sourceTree = "<group>";
		};
		46A6184821B31A5D0081B510 /* View */ = {
			isa = PBXGroup;
			children = (
				46A6184921B31AAD0081B510 /* CountryCell.swift */,
				46A6185521B327960081B510 /* CountryCell.xib */,
				46E5970421B4703A008A3AB8 /* CountryDetailsCell.swift */,
				46E5970621B47052008A3AB8 /* CountryDetailsCell.xib */,
				46E2757721BBEE5100BB3805 /* CustomHeaderTableView.swift */,
				46E2757921BBEE6300BB3805 /* CustomHeaderTableView.xib */,
			);
			path = View;
			sourceTree = "<group>";
		};
		46A6184D21B320990081B510 /* Service */ = {
			isa = PBXGroup;
			children = (
				46A6184E21B320BA0081B510 /* CountriesService.swift */,
				46E2757F21BCF74100BB3805 /* Result.swift */,
				46E2758121BCF76600BB3805 /* ErrorResult.swift */,
			);
			path = Service;
			sourceTree = "<group>";
		};
		46A6185721B32D430081B510 /* Extensions */ = {
			isa = PBXGroup;
			children = (
				46A6185821B32D690081B510 /* UIColor+Extension.swift */,
				46A6185A21B32E880081B510 /* String+Extension.swift */,
			);
			path = Extensions;
			sourceTree = "<group>";
		};
/* End PBXGroup section */

/* Begin PBXNativeTarget section */
		46A6180921B301260081B510 /* RestCountries */ = {
			isa = PBXNativeTarget;
			buildConfigurationList = 46A6183221B301290081B510 /* Build configuration list for PBXNativeTarget "RestCountries" */;
			buildPhases = (
				77740ACFC38E2F1664DF64AD /* [CP] Check Pods Manifest.lock */,
				46A6180621B301260081B510 /* Sources */,
				46A6180721B301260081B510 /* Frameworks */,
				46A6180821B301260081B510 /* Resources */,
				08AEA907103D940C01F00A3B /* [CP] Embed Pods Frameworks */,
			);
			buildRules = (
			);
			dependencies = (
			);
			name = RestCountries;
			productName = RestCountries;
			productReference = 46A6180A21B301260081B510 /* RestCountries.app */;
			productType = "com.apple.product-type.application";
		};
		46A6181D21B301290081B510 /* RestCountriesTests */ = {
			isa = PBXNativeTarget;
			buildConfigurationList = 46A6183521B301290081B510 /* Build configuration list for PBXNativeTarget "RestCountriesTests" */;
			buildPhases = (
				46A6181A21B301290081B510 /* Sources */,
				46A6181B21B301290081B510 /* Frameworks */,
				46A6181C21B301290081B510 /* Resources */,
			);
			buildRules = (
			);
			dependencies = (
				46A6182021B301290081B510 /* PBXTargetDependency */,
			);
			name = RestCountriesTests;
			productName = RestCountriesTests;
			productReference = 46A6181E21B301290081B510 /* RestCountriesTests.xctest */;
			productType = "com.apple.product-type.bundle.unit-test";
		};
		46A6182821B301290081B510 /* RestCountriesUITests */ = {
			isa = PBXNativeTarget;
			buildConfigurationList = 46A6183821B301290081B510 /* Build configuration list for PBXNativeTarget "RestCountriesUITests" */;
			buildPhases = (
				46A6182521B301290081B510 /* Sources */,
				46A6182621B301290081B510 /* Frameworks */,
				46A6182721B301290081B510 /* Resources */,
			);
			buildRules = (
			);
			dependencies = (
				46A6182B21B301290081B510 /* PBXTargetDependency */,
			);
			name = RestCountriesUITests;
			productName = RestCountriesUITests;
			productReference = 46A6182921B301290081B510 /* RestCountriesUITests.xctest */;
			productType = "com.apple.product-type.bundle.ui-testing";
		};
/* End PBXNativeTarget section */

/* Begin PBXProject section */
		46A6180221B301260081B510 /* Project object */ = {
			isa = PBXProject;
			attributes = {
				LastSwiftUpdateCheck = 1010;
				LastUpgradeCheck = 1010;
				ORGANIZATIONNAME = "Michael Bielodied";
				TargetAttributes = {
					46A6180921B301260081B510 = {
						CreatedOnToolsVersion = 10.1;
					};
					46A6181D21B301290081B510 = {
						CreatedOnToolsVersion = 10.1;
						TestTargetID = 46A6180921B301260081B510;
					};
					46A6182821B301290081B510 = {
						CreatedOnToolsVersion = 10.1;
						TestTargetID = 46A6180921B301260081B510;
					};
				};
			};
			buildConfigurationList = 46A6180521B301260081B510 /* Build configuration list for PBXProject "RestCountries" */;
			compatibilityVersion = "Xcode 9.3";
			developmentRegion = en;
			hasScannedForEncodings = 0;
			knownRegions = (
				en,
				Base,
				uk,
			);
			mainGroup = 46A6180121B301260081B510;
			productRefGroup = 46A6180B21B301260081B510 /* Products */;
			projectDirPath = "";
			projectRoot = "";
			targets = (
				46A6180921B301260081B510 /* RestCountries */,
				46A6181D21B301290081B510 /* RestCountriesTests */,
				46A6182821B301290081B510 /* RestCountriesUITests */,
			);
		};
/* End PBXProject section */

/* Begin PBXResourcesBuildPhase section */
		46A6180821B301260081B510 /* Resources */ = {
			isa = PBXResourcesBuildPhase;
			buildActionMask = 2147483647;
			files = (
				46A6186221B3301A0081B510 /* Localizable.strings in Resources */,
				46A6185621B327960081B510 /* CountryCell.xib in Resources */,
				46A6181821B301290081B510 /* LaunchScreen.storyboard in Resources */,
				46E2757A21BBEE6300BB3805 /* CustomHeaderTableView.xib in Resources */,
				46E5970721B47052008A3AB8 /* CountryDetailsCell.xib in Resources */,
				46A6181521B301290081B510 /* Assets.xcassets in Resources */,
				46A6181321B301260081B510 /* Main.storyboard in Resources */,
			);
			runOnlyForDeploymentPostprocessing = 0;
		};
		46A6181C21B301290081B510 /* Resources */ = {
			isa = PBXResourcesBuildPhase;
			buildActionMask = 2147483647;
			files = (
			);
			runOnlyForDeploymentPostprocessing = 0;
		};
		46A6182721B301290081B510 /* Resources */ = {
			isa = PBXResourcesBuildPhase;
			buildActionMask = 2147483647;
			files = (
			);
			runOnlyForDeploymentPostprocessing = 0;
		};
/* End PBXResourcesBuildPhase section */

/* Begin PBXShellScriptBuildPhase section */
		08AEA907103D940C01F00A3B /* [CP] Embed Pods Frameworks */ = {
			isa = PBXShellScriptBuildPhase;
			buildActionMask = 2147483647;
			files = (
			);
			inputPaths = (
				"${SRCROOT}/Pods/Target Support Files/Pods-RestCountries/Pods-RestCountries-frameworks.sh",
				"${BUILT_PRODUCTS_DIR}/Kingfisher/Kingfisher.framework",
				"${BUILT_PRODUCTS_DIR}/SwiftSVG/SwiftSVG.framework",
			);
			name = "[CP] Embed Pods Frameworks";
			outputPaths = (
				"${TARGET_BUILD_DIR}/${FRAMEWORKS_FOLDER_PATH}/Kingfisher.framework",
				"${TARGET_BUILD_DIR}/${FRAMEWORKS_FOLDER_PATH}/SwiftSVG.framework",
			);
			runOnlyForDeploymentPostprocessing = 0;
			shellPath = /bin/sh;
			shellScript = "\"${SRCROOT}/Pods/Target Support Files/Pods-RestCountries/Pods-RestCountries-frameworks.sh\"\n";
			showEnvVarsInLog = 0;
		};
		77740ACFC38E2F1664DF64AD /* [CP] Check Pods Manifest.lock */ = {
			isa = PBXShellScriptBuildPhase;
			buildActionMask = 2147483647;
			files = (
			);
			inputPaths = (
				"${PODS_PODFILE_DIR_PATH}/Podfile.lock",
				"${PODS_ROOT}/Manifest.lock",
			);
			name = "[CP] Check Pods Manifest.lock";
			outputPaths = (
				"$(DERIVED_FILE_DIR)/Pods-RestCountries-checkManifestLockResult.txt",
			);
			runOnlyForDeploymentPostprocessing = 0;
			shellPath = /bin/sh;
			shellScript = "diff \"${PODS_PODFILE_DIR_PATH}/Podfile.lock\" \"${PODS_ROOT}/Manifest.lock\" > /dev/null\nif [ $? != 0 ] ; then\n    # print error to STDERR\n    echo \"error: The sandbox is not in sync with the Podfile.lock. Run 'pod install' or update your CocoaPods installation.\" >&2\n    exit 1\nfi\n# This output is used by Xcode 'outputs' to avoid re-running this script phase.\necho \"SUCCESS\" > \"${SCRIPT_OUTPUT_FILE_0}\"\n";
			showEnvVarsInLog = 0;
		};
/* End PBXShellScriptBuildPhase section */

/* Begin PBXSourcesBuildPhase section */
		46A6180621B301260081B510 /* Sources */ = {
			isa = PBXSourcesBuildPhase;
			buildActionMask = 2147483647;
			files = (
				46E2758021BCF74100BB3805 /* Result.swift in Sources */,
				46A6184A21B31AAD0081B510 /* CountryCell.swift in Sources */,
				46A6184521B3103D0081B510 /* Currency.swift in Sources */,
				46E2758221BCF76600BB3805 /* ErrorResult.swift in Sources */,
				46A6183D21B304570081B510 /* MainNavigationController.swift in Sources */,
				46E2757C21BC0FB900BB3805 /* MainTableViewController.swift in Sources */,
				46A6186721B333710081B510 /* CountryDetailsController.swift in Sources */,
				46A6185921B32D690081B510 /* UIColor+Extension.swift in Sources */,
				46E2757821BBEE5100BB3805 /* CustomHeaderTableView.swift in Sources */,
				46A6185B21B32E880081B510 /* String+Extension.swift in Sources */,
				46A6184021B308220081B510 /* CountryViewModel.swift in Sources */,
				46A6184721B310740081B510 /* Language.swift in Sources */,
				46A6184F21B320BA0081B510 /* CountriesService.swift in Sources */,
				46E5970521B4703A008A3AB8 /* CountryDetailsCell.swift in Sources */,
				46A6181021B301260081B510 /* CountriesController.swift in Sources */,
				46E2756C21B9018100BB3805 /* CountryDetailViewModel.swift in Sources */,
				46A6184321B308860081B510 /* Country.swift in Sources */,
				46A6185121B321020081B510 /* Common.swift in Sources */,
				46A6180E21B301260081B510 /* AppDelegate.swift in Sources */,
			);
			runOnlyForDeploymentPostprocessing = 0;
		};
		46A6181A21B301290081B510 /* Sources */ = {
			isa = PBXSourcesBuildPhase;
			buildActionMask = 2147483647;
			files = (
				46E2757E21BC69CB00BB3805 /* CountryViewModelTests.swift in Sources */,
				46A6182321B301290081B510 /* RestCountriesTests.swift in Sources */,
				46E2757221B9A73C00BB3805 /* CountriesServiceTests.swift in Sources */,
			);
			runOnlyForDeploymentPostprocessing = 0;
		};
		46A6182521B301290081B510 /* Sources */ = {
			isa = PBXSourcesBuildPhase;
			buildActionMask = 2147483647;
			files = (
				46A6182E21B301290081B510 /* RestCountriesUITests.swift in Sources */,
			);
			runOnlyForDeploymentPostprocessing = 0;
		};
/* End PBXSourcesBuildPhase section */

/* Begin PBXTargetDependency section */
		46A6182021B301290081B510 /* PBXTargetDependency */ = {
			isa = PBXTargetDependency;
			target = 46A6180921B301260081B510 /* RestCountries */;
			targetProxy = 46A6181F21B301290081B510 /* PBXContainerItemProxy */;
		};
		46A6182B21B301290081B510 /* PBXTargetDependency */ = {
			isa = PBXTargetDependency;
			target = 46A6180921B301260081B510 /* RestCountries */;
			targetProxy = 46A6182A21B301290081B510 /* PBXContainerItemProxy */;
		};
/* End PBXTargetDependency section */

/* Begin PBXVariantGroup section */
		46A6181121B301260081B510 /* Main.storyboard */ = {
			isa = PBXVariantGroup;
			children = (
				46A6181221B301260081B510 /* Base */,
				46A6185E21B32FCE0081B510 /* uk */,
			);
			name = Main.storyboard;
			sourceTree = "<group>";
		};
		46A6181621B301290081B510 /* LaunchScreen.storyboard */ = {
			isa = PBXVariantGroup;
			children = (
				46A6181721B301290081B510 /* Base */,
				46A6185F21B32FCE0081B510 /* uk */,
			);
			name = LaunchScreen.storyboard;
			sourceTree = "<group>";
		};
		46A6186421B3301A0081B510 /* Localizable.strings */ = {
			isa = PBXVariantGroup;
			children = (
				46A6186321B3301A0081B510 /* en */,
				46A6186521B330200081B510 /* uk */,
			);
			name = Localizable.strings;
			sourceTree = "<group>";
		};
/* End PBXVariantGroup section */

/* Begin XCBuildConfiguration section */
		46A6183021B301290081B510 /* Debug */ = {
			isa = XCBuildConfiguration;
			buildSettings = {
				ALWAYS_SEARCH_USER_PATHS = NO;
				CLANG_ANALYZER_LOCALIZABILITY_NONLOCALIZED = YES;
				CLANG_ANALYZER_NONNULL = YES;
				CLANG_ANALYZER_NUMBER_OBJECT_CONVERSION = YES_AGGRESSIVE;
				CLANG_CXX_LANGUAGE_STANDARD = "gnu++14";
				CLANG_CXX_LIBRARY = "libc++";
				CLANG_ENABLE_MODULES = YES;
				CLANG_ENABLE_OBJC_ARC = YES;
				CLANG_ENABLE_OBJC_WEAK = YES;
				CLANG_WARN_BLOCK_CAPTURE_AUTORELEASING = YES;
				CLANG_WARN_BOOL_CONVERSION = YES;
				CLANG_WARN_COMMA = YES;
				CLANG_WARN_CONSTANT_CONVERSION = YES;
				CLANG_WARN_DEPRECATED_OBJC_IMPLEMENTATIONS = YES;
				CLANG_WARN_DIRECT_OBJC_ISA_USAGE = YES_ERROR;
				CLANG_WARN_DOCUMENTATION_COMMENTS = YES;
				CLANG_WARN_EMPTY_BODY = YES;
				CLANG_WARN_ENUM_CONVERSION = YES;
				CLANG_WARN_INFINITE_RECURSION = YES;
				CLANG_WARN_INT_CONVERSION = YES;
				CLANG_WARN_NON_LITERAL_NULL_CONVERSION = YES;
				CLANG_WARN_OBJC_IMPLICIT_RETAIN_SELF = YES;
				CLANG_WARN_OBJC_LITERAL_CONVERSION = YES;
				CLANG_WARN_OBJC_ROOT_CLASS = YES_ERROR;
				CLANG_WARN_RANGE_LOOP_ANALYSIS = YES;
				CLANG_WARN_STRICT_PROTOTYPES = YES;
				CLANG_WARN_SUSPICIOUS_MOVE = YES;
				CLANG_WARN_UNGUARDED_AVAILABILITY = YES_AGGRESSIVE;
				CLANG_WARN_UNREACHABLE_CODE = YES;
				CLANG_WARN__DUPLICATE_METHOD_MATCH = YES;
				CODE_SIGN_IDENTITY = "iPhone Developer";
				COPY_PHASE_STRIP = NO;
				DEBUG_INFORMATION_FORMAT = dwarf;
				ENABLE_STRICT_OBJC_MSGSEND = YES;
				ENABLE_TESTABILITY = YES;
				GCC_C_LANGUAGE_STANDARD = gnu11;
				GCC_DYNAMIC_NO_PIC = NO;
				GCC_NO_COMMON_BLOCKS = YES;
				GCC_OPTIMIZATION_LEVEL = 0;
				GCC_PREPROCESSOR_DEFINITIONS = (
					"DEBUG=1",
					"$(inherited)",
				);
				GCC_WARN_64_TO_32_BIT_CONVERSION = YES;
				GCC_WARN_ABOUT_RETURN_TYPE = YES_ERROR;
				GCC_WARN_UNDECLARED_SELECTOR = YES;
				GCC_WARN_UNINITIALIZED_AUTOS = YES_AGGRESSIVE;
				GCC_WARN_UNUSED_FUNCTION = YES;
				GCC_WARN_UNUSED_VARIABLE = YES;
				IPHONEOS_DEPLOYMENT_TARGET = 11.0;
				MTL_ENABLE_DEBUG_INFO = INCLUDE_SOURCE;
				MTL_FAST_MATH = YES;
				ONLY_ACTIVE_ARCH = YES;
				SDKROOT = iphoneos;
				SWIFT_ACTIVE_COMPILATION_CONDITIONS = DEBUG;
				SWIFT_OPTIMIZATION_LEVEL = "-Onone";
			};
			name = Debug;
		};
		46A6183121B301290081B510 /* Release */ = {
			isa = XCBuildConfiguration;
			buildSettings = {
				ALWAYS_SEARCH_USER_PATHS = NO;
				CLANG_ANALYZER_LOCALIZABILITY_NONLOCALIZED = YES;
				CLANG_ANALYZER_NONNULL = YES;
				CLANG_ANALYZER_NUMBER_OBJECT_CONVERSION = YES_AGGRESSIVE;
				CLANG_CXX_LANGUAGE_STANDARD = "gnu++14";
				CLANG_CXX_LIBRARY = "libc++";
				CLANG_ENABLE_MODULES = YES;
				CLANG_ENABLE_OBJC_ARC = YES;
				CLANG_ENABLE_OBJC_WEAK = YES;
				CLANG_WARN_BLOCK_CAPTURE_AUTORELEASING = YES;
				CLANG_WARN_BOOL_CONVERSION = YES;
				CLANG_WARN_COMMA = YES;
				CLANG_WARN_CONSTANT_CONVERSION = YES;
				CLANG_WARN_DEPRECATED_OBJC_IMPLEMENTATIONS = YES;
				CLANG_WARN_DIRECT_OBJC_ISA_USAGE = YES_ERROR;
				CLANG_WARN_DOCUMENTATION_COMMENTS = YES;
				CLANG_WARN_EMPTY_BODY = YES;
				CLANG_WARN_ENUM_CONVERSION = YES;
				CLANG_WARN_INFINITE_RECURSION = YES;
				CLANG_WARN_INT_CONVERSION = YES;
				CLANG_WARN_NON_LITERAL_NULL_CONVERSION = YES;
				CLANG_WARN_OBJC_IMPLICIT_RETAIN_SELF = YES;
				CLANG_WARN_OBJC_LITERAL_CONVERSION = YES;
				CLANG_WARN_OBJC_ROOT_CLASS = YES_ERROR;
				CLANG_WARN_RANGE_LOOP_ANALYSIS = YES;
				CLANG_WARN_STRICT_PROTOTYPES = YES;
				CLANG_WARN_SUSPICIOUS_MOVE = YES;
				CLANG_WARN_UNGUARDED_AVAILABILITY = YES_AGGRESSIVE;
				CLANG_WARN_UNREACHABLE_CODE = YES;
				CLANG_WARN__DUPLICATE_METHOD_MATCH = YES;
				CODE_SIGN_IDENTITY = "iPhone Developer";
				COPY_PHASE_STRIP = NO;
				DEBUG_INFORMATION_FORMAT = "dwarf-with-dsym";
				ENABLE_NS_ASSERTIONS = NO;
				ENABLE_STRICT_OBJC_MSGSEND = YES;
				GCC_C_LANGUAGE_STANDARD = gnu11;
				GCC_NO_COMMON_BLOCKS = YES;
				GCC_WARN_64_TO_32_BIT_CONVERSION = YES;
				GCC_WARN_ABOUT_RETURN_TYPE = YES_ERROR;
				GCC_WARN_UNDECLARED_SELECTOR = YES;
				GCC_WARN_UNINITIALIZED_AUTOS = YES_AGGRESSIVE;
				GCC_WARN_UNUSED_FUNCTION = YES;
				GCC_WARN_UNUSED_VARIABLE = YES;
				IPHONEOS_DEPLOYMENT_TARGET = 11.0;
				MTL_ENABLE_DEBUG_INFO = NO;
				MTL_FAST_MATH = YES;
				SDKROOT = iphoneos;
				SWIFT_COMPILATION_MODE = wholemodule;
				SWIFT_OPTIMIZATION_LEVEL = "-O";
				VALIDATE_PRODUCT = YES;
			};
			name = Release;
		};
		46A6183321B301290081B510 /* Debug */ = {
			isa = XCBuildConfiguration;
			baseConfigurationReference = D99E34EB8ADFC71217BE04EB /* Pods-RestCountries.debug.xcconfig */;
			buildSettings = {
				ASSETCATALOG_COMPILER_APPICON_NAME = AppIcon;
				CODE_SIGN_STYLE = Automatic;
				INFOPLIST_FILE = RestCountries/Info.plist;
				LD_RUNPATH_SEARCH_PATHS = (
					"$(inherited)",
					"@executable_path/Frameworks",
				);
				PRODUCT_BUNDLE_IDENTIFIER = com.mbeloded.RestCountries;
				PRODUCT_NAME = "$(TARGET_NAME)";
				SWIFT_VERSION = 4.2;
				TARGETED_DEVICE_FAMILY = "1,2";
			};
			name = Debug;
		};
		46A6183421B301290081B510 /* Release */ = {
			isa = XCBuildConfiguration;
			baseConfigurationReference = CFF3551360DA8DE749027BE7 /* Pods-RestCountries.release.xcconfig */;
			buildSettings = {
				ASSETCATALOG_COMPILER_APPICON_NAME = AppIcon;
				CODE_SIGN_STYLE = Automatic;
				INFOPLIST_FILE = RestCountries/Info.plist;
				LD_RUNPATH_SEARCH_PATHS = (
					"$(inherited)",
					"@executable_path/Frameworks",
				);
				PRODUCT_BUNDLE_IDENTIFIER = com.mbeloded.RestCountries;
				PRODUCT_NAME = "$(TARGET_NAME)";
				SWIFT_VERSION = 4.2;
				TARGETED_DEVICE_FAMILY = "1,2";
			};
			name = Release;
		};
		46A6183621B301290081B510 /* Debug */ = {
			isa = XCBuildConfiguration;
			buildSettings = {
				ALWAYS_EMBED_SWIFT_STANDARD_LIBRARIES = YES;
				BUNDLE_LOADER = "$(TEST_HOST)";
				CODE_SIGN_STYLE = Automatic;
				INFOPLIST_FILE = RestCountriesTests/Info.plist;
				LD_RUNPATH_SEARCH_PATHS = (
					"$(inherited)",
					"@executable_path/Frameworks",
					"@loader_path/Frameworks",
				);
				PRODUCT_BUNDLE_IDENTIFIER = com.mbeloded.RestCountriesTests;
				PRODUCT_NAME = "$(TARGET_NAME)";
				SWIFT_VERSION = 4.2;
				TARGETED_DEVICE_FAMILY = "1,2";
				TEST_HOST = "$(BUILT_PRODUCTS_DIR)/RestCountries.app/RestCountries";
			};
			name = Debug;
		};
		46A6183721B301290081B510 /* Release */ = {
			isa = XCBuildConfiguration;
			buildSettings = {
				ALWAYS_EMBED_SWIFT_STANDARD_LIBRARIES = YES;
				BUNDLE_LOADER = "$(TEST_HOST)";
				CODE_SIGN_STYLE = Automatic;
				INFOPLIST_FILE = RestCountriesTests/Info.plist;
				LD_RUNPATH_SEARCH_PATHS = (
					"$(inherited)",
					"@executable_path/Frameworks",
					"@loader_path/Frameworks",
				);
				PRODUCT_BUNDLE_IDENTIFIER = com.mbeloded.RestCountriesTests;
				PRODUCT_NAME = "$(TARGET_NAME)";
				SWIFT_VERSION = 4.2;
				TARGETED_DEVICE_FAMILY = "1,2";
				TEST_HOST = "$(BUILT_PRODUCTS_DIR)/RestCountries.app/RestCountries";
			};
			name = Release;
		};
		46A6183921B301290081B510 /* Debug */ = {
			isa = XCBuildConfiguration;
			buildSettings = {
				ALWAYS_EMBED_SWIFT_STANDARD_LIBRARIES = YES;
				CODE_SIGN_STYLE = Automatic;
				INFOPLIST_FILE = RestCountriesUITests/Info.plist;
				LD_RUNPATH_SEARCH_PATHS = (
					"$(inherited)",
					"@executable_path/Frameworks",
					"@loader_path/Frameworks",
				);
				PRODUCT_BUNDLE_IDENTIFIER = com.mbeloded.RestCountriesUITests;
				PRODUCT_NAME = "$(TARGET_NAME)";
				SWIFT_VERSION = 4.2;
				TARGETED_DEVICE_FAMILY = "1,2";
				TEST_TARGET_NAME = RestCountries;
			};
			name = Debug;
		};
		46A6183A21B301290081B510 /* Release */ = {
			isa = XCBuildConfiguration;
			buildSettings = {
				ALWAYS_EMBED_SWIFT_STANDARD_LIBRARIES = YES;
				CODE_SIGN_STYLE = Automatic;
				INFOPLIST_FILE = RestCountriesUITests/Info.plist;
				LD_RUNPATH_SEARCH_PATHS = (
					"$(inherited)",
					"@executable_path/Frameworks",
					"@loader_path/Frameworks",
				);
				PRODUCT_BUNDLE_IDENTIFIER = com.mbeloded.RestCountriesUITests;
				PRODUCT_NAME = "$(TARGET_NAME)";
				SWIFT_VERSION = 4.2;
				TARGETED_DEVICE_FAMILY = "1,2";
				TEST_TARGET_NAME = RestCountries;
			};
			name = Release;
		};
/* End XCBuildConfiguration section */

/* Begin XCConfigurationList section */
		46A6180521B301260081B510 /* Build configuration list for PBXProject "RestCountries" */ = {
			isa = XCConfigurationList;
			buildConfigurations = (
				46A6183021B301290081B510 /* Debug */,
				46A6183121B301290081B510 /* Release */,
			);
			defaultConfigurationIsVisible = 0;
			defaultConfigurationName = Release;
		};
		46A6183221B301290081B510 /* Build configuration list for PBXNativeTarget "RestCountries" */ = {
			isa = XCConfigurationList;
			buildConfigurations = (
				46A6183321B301290081B510 /* Debug */,
				46A6183421B301290081B510 /* Release */,
			);
			defaultConfigurationIsVisible = 0;
			defaultConfigurationName = Release;
		};
		46A6183521B301290081B510 /* Build configuration list for PBXNativeTarget "RestCountriesTests" */ = {
			isa = XCConfigurationList;
			buildConfigurations = (
				46A6183621B301290081B510 /* Debug */,
				46A6183721B301290081B510 /* Release */,
			);
			defaultConfigurationIsVisible = 0;
			defaultConfigurationName = Release;
		};
		46A6183821B301290081B510 /* Build configuration list for PBXNativeTarget "RestCountriesUITests" */ = {
			isa = XCConfigurationList;
			buildConfigurations = (
				46A6183921B301290081B510 /* Debug */,
				46A6183A21B301290081B510 /* Release */,
			);
			defaultConfigurationIsVisible = 0;
			defaultConfigurationName = Release;
		};
/* End XCConfigurationList section */
	};
	rootObject = 46A6180221B301260081B510 /* Project object */;
}
